github.com/cozy/goexif2 v1.3.1 h1:wgUyVBJ55xWOohHkF5N9LwTbkKAheZXdw6S6Oci687c=
github.com/cozy/goexif2 v1.3.1/go.mod h1:mBLIra4pwtUmAakLxbwF8v94QD5PdluAW1i7pisBk3w=
github.com/xor-gate/goexif2 v1.1.0 h1:OvTZ5iEvsDhRWFjV5xY3wT7uHFna28nSSP7ucau+cXQ=
github.com/xor-gate/goexif2 v1.1.0/go.mod h1:eRjn3VSkAwpNpxEx/CGmd0zg0JFGL3akrSMxnJ581AY=
